
Microsoft Visual Studio Solution File, Format Version 12.00
Project("{FAE04EC0-301F-11D3-BF4B-00C04F79EFBC}") = "StreamingService.WebApi", "StreamingService.WebApi\StreamingService.WebApi.csproj", "{3865C8E4-D22A-4254-B8BE-333506370F18}"
EndProject
Project("{2150E333-8FDC-42A3-9474-1A3956D46DE8}") = "Solution Items", "Solution Items", "{45FA5D16-613E-4BD8-9FF4-68CCAD2A6FB6}"
	ProjectSection(SolutionItems) = preProject
		compose.yaml = compose.yaml
		mediamtx.yaml = mediamtx.yaml
	EndProjectSection
EndProject
Project("{FAE04EC0-301F-11D3-BF4B-00C04F79EFBC}") = "StreamingService.Application", "StreamingService.Application\StreamingService.Application.csproj", "{E7A2650A-1F30-40D0-A11F-1A56E15FD6C2}"
EndProject
Project("{FAE04EC0-301F-11D3-BF4B-00C04F79EFBC}") = "StreamingService.Infrastructure", "StreamingService.Infrastructure\StreamingService.Infrastructure.csproj", "{49A56171-BC85-4B66-97B0-E26B2889BCBE}"
EndProject
Project("{FAE04EC0-301F-11D3-BF4B-00C04F79EFBC}") = "StreamingService.Core", "StreamingService.Core\StreamingService.Core.csproj", "{21AA1796-36DE-48FA-AF38-21856F6BFAA1}"
EndProject
Global
	GlobalSection(SolutionConfigurationPlatforms) = preSolution
		Debug|Any CPU = Debug|Any CPU
		Release|Any CPU = Release|Any CPU
	EndGlobalSection
	GlobalSection(ProjectConfigurationPlatforms) = postSolution
		{3865C8E4-D22A-4254-B8BE-333506370F18}.Debug|Any CPU.ActiveCfg = Debug|Any CPU
		{3865C8E4-D22A-4254-B8BE-333506370F18}.Debug|Any CPU.Build.0 = Debug|Any CPU
		{3865C8E4-D22A-4254-B8BE-333506370F18}.Release|Any CPU.ActiveCfg = Release|Any CPU
		{3865C8E4-D22A-4254-B8BE-333506370F18}.Release|Any CPU.Build.0 = Release|Any CPU
		{E7A2650A-1F30-40D0-A11F-1A56E15FD6C2}.Debug|Any CPU.ActiveCfg = Debug|Any CPU
		{E7A2650A-1F30-40D0-A11F-1A56E15FD6C2}.Debug|Any CPU.Build.0 = Debug|Any CPU
		{E7A2650A-1F30-40D0-A11F-1A56E15FD6C2}.Release|Any CPU.ActiveCfg = Release|Any CPU
		{E7A2650A-1F30-40D0-A11F-1A56E15FD6C2}.Release|Any CPU.Build.0 = Release|Any CPU
		{49A56171-BC85-4B66-97B0-E26B2889BCBE}.Debug|Any CPU.ActiveCfg = Debug|Any CPU
		{49A56171-BC85-4B66-97B0-E26B2889BCBE}.Debug|Any CPU.Build.0 = Debug|Any CPU
		{49A56171-BC85-4B66-97B0-E26B2889BCBE}.Release|Any CPU.ActiveCfg = Release|Any CPU
		{49A56171-BC85-4B66-97B0-E26B2889BCBE}.Release|Any CPU.Build.0 = Release|Any CPU
		{21AA1796-36DE-48FA-AF38-21856F6BFAA1}.Debug|Any CPU.ActiveCfg = Debug|Any CPU
		{21AA1796-36DE-48FA-AF38-21856F6BFAA1}.Debug|Any CPU.Build.0 = Debug|Any CPU
		{21AA1796-36DE-48FA-AF38-21856F6BFAA1}.Release|Any CPU.ActiveCfg = Release|Any CPU
		{21AA1796-36DE-48FA-AF38-21856F6BFAA1}.Release|Any CPU.Build.0 = Release|Any CPU
	EndGlobalSection
EndGlobal
