
Microsoft Visual Studio Solution File, Format Version 12.00
Project("{FAE04EC0-301F-11D3-BF4B-00C04F79EFBC}") = "UserService.WebApi", "UserService.WebApi\UserService.WebApi.csproj", "{696EF06B-374F-4A1D-8AA3-4AA4E5ABF726}"
EndProject
Project("{FAE04EC0-301F-11D3-BF4B-00C04F79EFBC}") = "UserService.Infrastructure", "UserService.Infrastructure\UserService.Infrastructure.csproj", "{FB4EB513-2798-47FD-B7F1-CD1DB09D7A8D}"
EndProject
Project("{FAE04EC0-301F-11D3-BF4B-00C04F79EFBC}") = "UserService.Application", "UserService.Application\UserService.Application.csproj", "{8199FDC4-CCA7-4009-ADA6-EA4DBA072E91}"
EndProject
Project("{FAE04EC0-301F-11D3-BF4B-00C04F79EFBC}") = "UserService.Core", "UserService.Core\UserService.Core.csproj", "{C647038A-4BBF-405E-88FE-ADE00D7E7AB1}"
EndProject
Global
	GlobalSection(SolutionConfigurationPlatforms) = preSolution
		Debug|Any CPU = Debug|Any CPU
		Release|Any CPU = Release|Any CPU
	EndGlobalSection
	GlobalSection(ProjectConfigurationPlatforms) = postSolution
		{696EF06B-374F-4A1D-8AA3-4AA4E5ABF726}.Debug|Any CPU.ActiveCfg = Debug|Any CPU
		{696EF06B-374F-4A1D-8AA3-4AA4E5ABF726}.Debug|Any CPU.Build.0 = Debug|Any CPU
		{696EF06B-374F-4A1D-8AA3-4AA4E5ABF726}.Release|Any CPU.ActiveCfg = Release|Any CPU
		{696EF06B-374F-4A1D-8AA3-4AA4E5ABF726}.Release|Any CPU.Build.0 = Release|Any CPU
		{FB4EB513-2798-47FD-B7F1-CD1DB09D7A8D}.Debug|Any CPU.ActiveCfg = Debug|Any CPU
		{FB4EB513-2798-47FD-B7F1-CD1DB09D7A8D}.Debug|Any CPU.Build.0 = Debug|Any CPU
		{FB4EB513-2798-47FD-B7F1-CD1DB09D7A8D}.Release|Any CPU.ActiveCfg = Release|Any CPU
		{FB4EB513-2798-47FD-B7F1-CD1DB09D7A8D}.Release|Any CPU.Build.0 = Release|Any CPU
		{8199FDC4-CCA7-4009-ADA6-EA4DBA072E91}.Debug|Any CPU.ActiveCfg = Debug|Any CPU
		{8199FDC4-CCA7-4009-ADA6-EA4DBA072E91}.Debug|Any CPU.Build.0 = Debug|Any CPU
		{8199FDC4-CCA7-4009-ADA6-EA4DBA072E91}.Release|Any CPU.ActiveCfg = Release|Any CPU
		{8199FDC4-CCA7-4009-ADA6-EA4DBA072E91}.Release|Any CPU.Build.0 = Release|Any CPU
		{C647038A-4BBF-405E-88FE-ADE00D7E7AB1}.Debug|Any CPU.ActiveCfg = Debug|Any CPU
		{C647038A-4BBF-405E-88FE-ADE00D7E7AB1}.Debug|Any CPU.Build.0 = Debug|Any CPU
		{C647038A-4BBF-405E-88FE-ADE00D7E7AB1}.Release|Any CPU.ActiveCfg = Release|Any CPU
		{C647038A-4BBF-405E-88FE-ADE00D7E7AB1}.Release|Any CPU.Build.0 = Release|Any CPU
	EndGlobalSection
EndGlobal
